// !$*UTF8*$!
{
	archiveVersion = 1;
	classes = {
	};
	objectVersion = 50;
	objects = {

/* Begin PBXBuildFile section */
		2639B2B523567F1D002B9109 /* Vehicle.swift in Sources */ = {isa = PBXBuildFile; fileRef = 2639B2B423567F1D002B9109 /* Vehicle.swift */; };
		2639B2B723567F82002B9109 /* IPrintable.swift in Sources */ = {isa = PBXBuildFile; fileRef = 2639B2B623567F82002B9109 /* IPrintable.swift */; };
		2639B2B9235687ED002B9109 /* Car.swift in Sources */ = {isa = PBXBuildFile; fileRef = 2639B2B8235687ED002B9109 /* Car.swift */; };
		9B826FB623567C9B00113F11 /* main.swift in Sources */ = {isa = PBXBuildFile; fileRef = 9B826FB523567C9B00113F11 /* main.swift */; };
/* End PBXBuildFile section */

/* Begin PBXCopyFilesBuildPhase section */
		9B826FB023567C9B00113F11 /* CopyFiles */ = {
			isa = PBXCopyFilesBuildPhase;
			buildActionMask = 2147483647;
			dstPath = /usr/share/man/man1/;
			dstSubfolderSpec = 0;
			files = (
			);
			runOnlyForDeploymentPostprocessing = 1;
		};
/* End PBXCopyFilesBuildPhase section */

/* Begin PBXFileReference section */
		2639B2B423567F1D002B9109 /* Vehicle.swift */ = {isa = PBXFileReference; lastKnownFileType = sourcecode.swift; path = Vehicle.swift; sourceTree = "<group>"; };
		2639B2B623567F82002B9109 /* IPrintable.swift */ = {isa = PBXFileReference; lastKnownFileType = sourcecode.swift; path = IPrintable.swift; sourceTree = "<group>"; };
		2639B2B8235687ED002B9109 /* Car.swift */ = {isa = PBXFileReference; lastKnownFileType = sourcecode.swift; path = Car.swift; sourceTree = "<group>"; };
		9B826FB223567C9B00113F11 /* Group7_F2019_MAD3004_FP */ = {isa = PBXFileReference; explicitFileType = "compiled.mach-o.executable"; includeInIndex = 0; path = Group7_F2019_MAD3004_FP; sourceTree = BUILT_PRODUCTS_DIR; };
		9B826FB523567C9B00113F11 /* main.swift */ = {isa = PBXFileReference; lastKnownFileType = sourcecode.swift; path = main.swift; sourceTree = "<group>"; };
/* End PBXFileReference section */

/* Begin PBXFrameworksBuildPhase section */
		9B826FAF23567C9B00113F11 /* Frameworks */ = {
			isa = PBXFrameworksBuildPhase;
			buildActionMask = 2147483647;
			files = (
			);
			runOnlyForDeploymentPostprocessing = 0;
		};
/* End PBXFrameworksBuildPhase section */

/* Begin PBXGroup section */
		2639B2B323567E9C002B9109 /* Vehicle */ = {
			isa = PBXGroup;
			children = (
				2639B2B423567F1D002B9109 /* Vehicle.swift */,
				2639B2B8235687ED002B9109 /* Car.swift */,
			);
			path = Vehicle;
			sourceTree = "<group>";
		};
		9B826FA923567C9B00113F11 = {
			isa = PBXGroup;
			children = (
				9B826FB423567C9B00113F11 /* Group7_F2019_MAD3004_FP */,
				9B826FB323567C9B00113F11 /* Products */,
			);
			sourceTree = "<group>";
		};
		9B826FB323567C9B00113F11 /* Products */ = {
			isa = PBXGroup;
			children = (
				9B826FB223567C9B00113F11 /* Group7_F2019_MAD3004_FP */,
			);
			name = Products;
			sourceTree = "<group>";
		};
		9B826FB423567C9B00113F11 /* Group7_F2019_MAD3004_FP */ = {
			isa = PBXGroup;
			children = (
				2639B2B323567E9C002B9109 /* Vehicle */,
				9B826FB523567C9B00113F11 /* main.swift */,
				2639B2B623567F82002B9109 /* IPrintable.swift */,
			);
			path = Group7_F2019_MAD3004_FP;
			sourceTree = "<group>";
		};
/* End PBXGroup section */

/* Begin PBXNativeTarget section */
		9B826FB123567C9B00113F11 /* Group7_F2019_MAD3004_FP */ = {
			isa = PBXNativeTarget;
			buildConfigurationList = 9B826FB923567C9B00113F11 /* Build configuration list for PBXNativeTarget "Group7_F2019_MAD3004_FP" */;
			buildPhases = (
				9B826FAE23567C9B00113F11 /* Sources */,
				9B826FAF23567C9B00113F11 /* Frameworks */,
				9B826FB023567C9B00113F11 /* CopyFiles */,
			);
			buildRules = (
			);
			dependencies = (
			);
			name = Group7_F2019_MAD3004_FP;
			productName = Group7_F2019_MAD3004_FP;
			productReference = 9B826FB223567C9B00113F11 /* Group7_F2019_MAD3004_FP */;
			productType = "com.apple.product-type.tool";
		};
/* End PBXNativeTarget section */

/* Begin PBXProject section */
		9B826FAA23567C9B00113F11 /* Project object */ = {
			isa = PBXProject;
			attributes = {
				LastSwiftUpdateCheck = 1030;
				LastUpgradeCheck = 1110;
				ORGANIZATIONNAME = MacStudent;
				TargetAttributes = {
					9B826FB123567C9B00113F11 = {
						CreatedOnToolsVersion = 10.3;
					};
				};
			};
			buildConfigurationList = 9B826FAD23567C9B00113F11 /* Build configuration list for PBXProject "Group7_F2019_MAD3004_FP" */;
			compatibilityVersion = "Xcode 9.3";
			developmentRegion = en;
			hasScannedForEncodings = 0;
			knownRegions = (
				en,
			);
			mainGroup = 9B826FA923567C9B00113F11;
			productRefGroup = 9B826FB323567C9B00113F11 /* Products */;
			projectDirPath = "";
			projectRoot = "";
			targets = (
				9B826FB123567C9B00113F11 /* Group7_F2019_MAD3004_FP */,
			);
		};
/* End PBXProject section */

/* Begin PBXSourcesBuildPhase section */
		9B826FAE23567C9B00113F11 /* Sources */ = {
			isa = PBXSourcesBuildPhase;
			buildActionMask = 2147483647;
			files = (
				2639B2B723567F82002B9109 /* IPrintable.swift in Sources */,
				2639B2B523567F1D002B9109 /* Vehicle.swift in Sources */,
				2639B2B9235687ED002B9109 /* Car.swift in Sources */,
				9B826FB623567C9B00113F11 /* main.swift in Sources */,
			);
			runOnlyForDeploymentPostprocessing = 0;
		};
/* End PBXSourcesBuildPhase section */

/* Begin XCBuildConfiguration section */
		9B826FB723567C9B00113F11 /* Debug */ = {
			isa = XCBuildConfiguration;
			buildSettings = {
				ALWAYS_SEARCH_USER_PATHS = NO;
				CLANG_ANALYZER_NONNULL = YES;
				CLANG_ANALYZER_NUMBER_OBJECT_CONVERSION = YES_AGGRESSIVE;
				CLANG_CXX_LANGUAGE_STANDARD = "gnu++14";
				CLANG_CXX_LIBRARY = "libc++";
				CLANG_ENABLE_MODULES = YES;
				CLANG_ENABLE_OBJC_ARC = YES;
				CLANG_ENABLE_OBJC_WEAK = YES;
				CLANG_WARN_BLOCK_CAPTURE_AUTORELEASING = YES;
				CLANG_WARN_BOOL_CONVERSION = YES;
				CLANG_WARN_COMMA = YES;
				CLANG_WARN_CONSTANT_CONVERSION = YES;
				CLANG_WARN_DEPRECATED_OBJC_IMPLEMENTATIONS = YES;
				CLANG_WARN_DIRECT_OBJC_ISA_USAGE = YES_ERROR;
				CLANG_WARN_DOCUMENTATION_COMMENTS = YES;
				CLANG_WARN_EMPTY_BODY = YES;
				CLANG_WARN_ENUM_CONVERSION = YES;
				CLANG_WARN_INFINITE_RECURSION = YES;
				CLANG_WARN_INT_CONVERSION = YES;
				CLANG_WARN_NON_LITERAL_NULL_CONVERSION = YES;
				CLANG_WARN_OBJC_IMPLICIT_RETAIN_SELF = YES;
				CLANG_WARN_OBJC_LITERAL_CONVERSION = YES;
				CLANG_WARN_OBJC_ROOT_CLASS = YES_ERROR;
				CLANG_WARN_RANGE_LOOP_ANALYSIS = YES;
				CLANG_WARN_STRICT_PROTOTYPES = YES;
				CLANG_WARN_SUSPICIOUS_MOVE = YES;
				CLANG_WARN_UNGUARDED_AVAILABILITY = YES_AGGRESSIVE;
				CLANG_WARN_UNREACHABLE_CODE = YES;
				CLANG_WARN__DUPLICATE_METHOD_MATCH = YES;
				CODE_SIGN_IDENTITY = "-";
				COPY_PHASE_STRIP = NO;
				DEBUG_INFORMATION_FORMAT = dwarf;
				ENABLE_STRICT_OBJC_MSGSEND = YES;
				ENABLE_TESTABILITY = YES;
				GCC_C_LANGUAGE_STANDARD = gnu11;
				GCC_DYNAMIC_NO_PIC = NO;
				GCC_NO_COMMON_BLOCKS = YES;
				GCC_OPTIMIZATION_LEVEL = 0;
				GCC_PREPROCESSOR_DEFINITIONS = (
					"DEBUG=1",
					"$(inherited)",
				);
				GCC_WARN_64_TO_32_BIT_CONVERSION = YES;
				GCC_WARN_ABOUT_RETURN_TYPE = YES_ERROR;
				GCC_WARN_UNDECLARED_SELECTOR = YES;
				GCC_WARN_UNINITIALIZED_AUTOS = YES_AGGRESSIVE;
				GCC_WARN_UNUSED_FUNCTION = YES;
				GCC_WARN_UNUSED_VARIABLE = YES;
				MACOSX_DEPLOYMENT_TARGET = 10.14;
				MTL_ENABLE_DEBUG_INFO = INCLUDE_SOURCE;
				MTL_FAST_MATH = YES;
				ONLY_ACTIVE_ARCH = YES;
				SDKROOT = macosx;
				SWIFT_ACTIVE_COMPILATION_CONDITIONS = DEBUG;
				SWIFT_OPTIMIZATION_LEVEL = "-Onone";
			};
			name = Debug;
		};
		9B826FB823567C9B00113F11 /* Release */ = {
			isa = XCBuildConfiguration;
			buildSettings = {
				ALWAYS_SEARCH_USER_PATHS = NO;
				CLANG_ANALYZER_NONNULL = YES;
				CLANG_ANALYZER_NUMBER_OBJECT_CONVERSION = YES_AGGRESSIVE;
				CLANG_CXX_LANGUAGE_STANDARD = "gnu++14";
				CLANG_CXX_LIBRARY = "libc++";
				CLANG_ENABLE_MODULES = YES;
				CLANG_ENABLE_OBJC_ARC = YES;
				CLANG_ENABLE_OBJC_WEAK = YES;
				CLANG_WARN_BLOCK_CAPTURE_AUTORELEASING = YES;
				CLANG_WARN_BOOL_CONVERSION = YES;
				CLANG_WARN_COMMA = YES;
				CLANG_WARN_CONSTANT_CONVERSION = YES;
				CLANG_WARN_DEPRECATED_OBJC_IMPLEMENTATIONS = YES;
				CLANG_WARN_DIRECT_OBJC_ISA_USAGE = YES_ERROR;
				CLANG_WARN_DOCUMENTATION_COMMENTS = YES;
				CLANG_WARN_EMPTY_BODY = YES;
				CLANG_WARN_ENUM_CONVERSION = YES;
				CLANG_WARN_INFINITE_RECURSION = YES;
				CLANG_WARN_INT_CONVERSION = YES;
				CLANG_WARN_NON_LITERAL_NULL_CONVERSION = YES;
				CLANG_WARN_OBJC_IMPLICIT_RETAIN_SELF = YES;
				CLANG_WARN_OBJC_LITERAL_CONVERSION = YES;
				CLANG_WARN_OBJC_ROOT_CLASS = YES_ERROR;
				CLANG_WARN_RANGE_LOOP_ANALYSIS = YES;
				CLANG_WARN_STRICT_PROTOTYPES = YES;
				CLANG_WARN_SUSPICIOUS_MOVE = YES;
				CLANG_WARN_UNGUARDED_AVAILABILITY = YES_AGGRESSIVE;
				CLANG_WARN_UNREACHABLE_CODE = YES;
				CLANG_WARN__DUPLICATE_METHOD_MATCH = YES;
				CODE_SIGN_IDENTITY = "-";
				COPY_PHASE_STRIP = NO;
				DEBUG_INFORMATION_FORMAT = "dwarf-with-dsym";
				ENABLE_NS_ASSERTIONS = NO;
				ENABLE_STRICT_OBJC_MSGSEND = YES;
				GCC_C_LANGUAGE_STANDARD = gnu11;
				GCC_NO_COMMON_BLOCKS = YES;
				GCC_WARN_64_TO_32_BIT_CONVERSION = YES;
				GCC_WARN_ABOUT_RETURN_TYPE = YES_ERROR;
				GCC_WARN_UNDECLARED_SELECTOR = YES;
				GCC_WARN_UNINITIALIZED_AUTOS = YES_AGGRESSIVE;
				GCC_WARN_UNUSED_FUNCTION = YES;
				GCC_WARN_UNUSED_VARIABLE = YES;
				MACOSX_DEPLOYMENT_TARGET = 10.14;
				MTL_ENABLE_DEBUG_INFO = NO;
				MTL_FAST_MATH = YES;
				SDKROOT = macosx;
				SWIFT_COMPILATION_MODE = wholemodule;
				SWIFT_OPTIMIZATION_LEVEL = "-O";
			};
			name = Release;
		};
		9B826FBA23567C9B00113F11 /* Debug */ = {
			isa = XCBuildConfiguration;
			buildSettings = {
				CODE_SIGN_IDENTITY = "-";
				CODE_SIGN_STYLE = Automatic;
				PRODUCT_NAME = "$(TARGET_NAME)";
				SWIFT_VERSION = 5.0;
			};
			name = Debug;
		};
		9B826FBB23567C9B00113F11 /* Release */ = {
			isa = XCBuildConfiguration;
			buildSettings = {
				CODE_SIGN_IDENTITY = "-";
				CODE_SIGN_STYLE = Automatic;
				PRODUCT_NAME = "$(TARGET_NAME)";
				SWIFT_VERSION = 5.0;
			};
			name = Release;
		};
/* End XCBuildConfiguration section */

/* Begin XCConfigurationList section */
		9B826FAD23567C9B00113F11 /* Build configuration list for PBXProject "Group7_F2019_MAD3004_FP" */ = {
			isa = XCConfigurationList;
			buildConfigurations = (
				9B826FB723567C9B00113F11 /* Debug */,
				9B826FB823567C9B00113F11 /* Release */,
			);
			defaultConfigurationIsVisible = 0;
			defaultConfigurationName = Release;
		};
		9B826FB923567C9B00113F11 /* Build configuration list for PBXNativeTarget "Group7_F2019_MAD3004_FP" */ = {
			isa = XCConfigurationList;
			buildConfigurations = (
				9B826FBA23567C9B00113F11 /* Debug */,
				9B826FBB23567C9B00113F11 /* Release */,
			);
			defaultConfigurationIsVisible = 0;
			defaultConfigurationName = Release;
		};
/* End XCConfigurationList section */
	};
	rootObject = 9B826FAA23567C9B00113F11 /* Project object */;
}
